
Microsoft Visual Studio Solution File, Format Version 12.00
# Visual Studio Version 17
VisualStudioVersion = 17.2.32516.85
MinimumVisualStudioVersion = 10.0.40219.1
Project("{2150E333-8FDC-42A3-9474-1A3956D46DE8}") = "Tests", "Tests", "{09ACAE7A-FB77-4B8A-9900-6067A526F52F}"
EndProject
Project("{9A19103F-16F7-4668-BE54-9A1E7A4F7556}") = "Sphere.ApiGateway.API.Tests", "Sphere.ApiGateway.API\Sphere.ApiGateway.API.Tests\Sphere.ApiGateway.API.Tests.csproj", "{003BD9B5-4428-4A58-A93D-A2737A072FDB}"
EndProject
Project("{9A19103F-16F7-4668-BE54-9A1E7A4F7556}") = "Sphere.ApiGateway.API", "Sphere.ApiGateway.API\Sphere.ApiGateway.API\Sphere.ApiGateway.API.csproj", "{9ED77177-FFFC-49AE-9A8D-1507AA28726B}"
EndProject
Project("{9A19103F-16F7-4668-BE54-9A1E7A4F7556}") = "Sphere.Accounts.API", "Sphere.Accounts.API\Sphere.Accounts.API\Sphere.Accounts.API.csproj", "{924F5BEF-DDCF-4FEF-A157-B00D01F88B43}"
EndProject
Project("{9A19103F-16F7-4668-BE54-9A1E7A4F7556}") = "Sphere.Accounts.API.Tests", "Sphere.Accounts.API\Sphere.Accounts.API.Tests\Sphere.Accounts.API.Tests.csproj", "{DCC667C7-D2D0-436B-8CF9-CF3F9A0D35FF}"
EndProject
Project("{9A19103F-16F7-4668-BE54-9A1E7A4F7556}") = "Sphere.Administration.API", "Sphere.Administration.API\Sphere.Administration.API\Sphere.Administration.API.csproj", "{0A8E39E8-970C-4846-87E2-8CD697F9E92C}"
EndProject
Project("{9A19103F-16F7-4668-BE54-9A1E7A4F7556}") = "Sphere.Administration.API.Tests", "Sphere.Administration.API\Sphere.Administration.API.Tests\Sphere.Administration.API.Tests.csproj", "{2112357B-89FF-4743-B0F8-44D86C199CFD}"
EndProject
Project("{9A19103F-16F7-4668-BE54-9A1E7A4F7556}") = "Sphere.Auth.API", "Sphere.Auth.API\Sphere.Auth.API\Sphere.Auth.API.csproj", "{BBD5D5A2-A45A-4750-966E-59A5310BB6ED}"
EndProject
Project("{9A19103F-16F7-4668-BE54-9A1E7A4F7556}") = "Sphere.Auth.API.Tests", "Sphere.Auth.API\Sphere.Auth.API.Tests\Sphere.Auth.API.Tests.csproj", "{5824E7A0-73DC-4519-8967-8A1D9A1ED34C}"
EndProject
Project("{9A19103F-16F7-4668-BE54-9A1E7A4F7556}") = "Sphere.Branding.API", "Sphere.Branding.API\Sphere.Branding.API\Sphere.Branding.API.csproj", "{70C6816D-C1EE-4BFC-803D-82538E633411}"
EndProject
Project("{9A19103F-16F7-4668-BE54-9A1E7A4F7556}") = "Sphere.Branding.API.Tests", "Sphere.Branding.API\Sphere.Branding.API.Tests\Sphere.Branding.API.Tests.csproj", "{0BB81B53-8079-48A7-89D6-C2CD215384D7}"
EndProject
Project("{9A19103F-16F7-4668-BE54-9A1E7A4F7556}") = "Sphere.Health.API", "Sphere.Health.API\Sphere.Health.API\Sphere.Health.API.csproj", "{4416CC7F-78C3-4C62-A738-E60C13BE1E65}"
EndProject
Project("{9A19103F-16F7-4668-BE54-9A1E7A4F7556}") = "Sphere.Health.API.Tests", "Sphere.Health.API\Sphere.Health.API.Tests\Sphere.Health.API.Tests.csproj", "{FBA83068-A836-4625-BE9F-97FB99C46458}"
EndProject
Project("{9A19103F-16F7-4668-BE54-9A1E7A4F7556}") = "Sphere.Media.API", "Sphere.Media.API\Sphere.Media.API\Sphere.Media.API.csproj", "{86165A24-3AAD-486B-A6B7-66F314652257}"
EndProject
Project("{9A19103F-16F7-4668-BE54-9A1E7A4F7556}") = "Sphere.Media.API.Tests", "Sphere.Media.API\Sphere.Media.API.Tests\Sphere.Media.API.Tests.csproj", "{E202E5FD-1464-4F63-BB43-F77B2022E6CB}"
EndProject
Project("{9A19103F-16F7-4668-BE54-9A1E7A4F7556}") = "Sphere.Messages.API", "Sphere.Messages.API\Sphere.Messages.API\Sphere.Messages.API.csproj", "{DDC68E95-25D2-44D5-B5F6-A9ED4AAF8D33}"
EndProject
Project("{9A19103F-16F7-4668-BE54-9A1E7A4F7556}") = "Sphere.Messages.API.Tests", "Sphere.Messages.API\Sphere.Messages.API.Tests\Sphere.Messages.API.Tests.csproj", "{BDF212C4-F07A-4B8A-B32D-66964E3DBB68}"
EndProject
Project("{9A19103F-16F7-4668-BE54-9A1E7A4F7556}") = "Sphere.Profiles.API", "Sphere.Profiles.API\Sphere.Profiles.API\Sphere.Profiles.API.csproj", "{7D0CDDE3-461C-4FC6-8A2E-C05E5AA47EC7}"
EndProject
Project("{9A19103F-16F7-4668-BE54-9A1E7A4F7556}") = "Sphere.Profiles.API.Tests", "Sphere.Profiles.API\Sphere.Profiles.API.Tests\Sphere.Profiles.API.Tests.csproj", "{20879917-26D3-4826-8321-6CF50E3114BC}"
EndProject
Project("{9A19103F-16F7-4668-BE54-9A1E7A4F7556}") = "Sphere.Relationships.API", "Sphere.Relationships.API\Sphere.Relationships.API\Sphere.Relationships.API.csproj", "{D52878B6-F711-4B6C-B26A-59225922C5EE}"
EndProject
Project("{9A19103F-16F7-4668-BE54-9A1E7A4F7556}") = "Sphere.Relationships.API.Tests", "Sphere.Relationships.API\Sphere.Relationships.API.Tests\Sphere.Relationships.API.Tests.csproj", "{82296C75-1692-4C87-935E-E7D7A3C13763}"
EndProject
Project("{9A19103F-16F7-4668-BE54-9A1E7A4F7556}") = "Sphere.Spheres.API", "Sphere.Spheres.API\Sphere.Spheres.API\Sphere.Spheres.API.csproj", "{D85DF971-1A76-43EC-9E8D-10618B9707CE}"
EndProject
Project("{9A19103F-16F7-4668-BE54-9A1E7A4F7556}") = "Sphere.Spheres.API.Tests", "Sphere.Spheres.API\Sphere.Spheres.API.Tests\Sphere.Spheres.API.Tests.csproj", "{9697C90F-2735-47BC-A747-89EC7C533DE0}"
EndProject
Project("{9A19103F-16F7-4668-BE54-9A1E7A4F7556}") = "Sphere.Timeline.API", "Sphere.Timeline.API\Sphere.Timeline.API\Sphere.Timeline.API.csproj", "{24B9D003-2D99-485A-B83C-73BE0AB8863B}"
EndProject
Project("{9A19103F-16F7-4668-BE54-9A1E7A4F7556}") = "Sphere.Timeline.API.Tests", "Sphere.Timeline.API\Sphere.Timeline.API.Tests\Sphere.Timeline.API.Tests.csproj", "{8EE37F86-B2C3-4411-9F48-E53C479AEE00}"
EndProject
Global
	GlobalSection(SolutionConfigurationPlatforms) = preSolution
		Debug|Any CPU = Debug|Any CPU
		Release|Any CPU = Release|Any CPU
	EndGlobalSection
	GlobalSection(ProjectConfigurationPlatforms) = postSolution
		{003BD9B5-4428-4A58-A93D-A2737A072FDB}.Debug|Any CPU.ActiveCfg = Debug|Any CPU
		{003BD9B5-4428-4A58-A93D-A2737A072FDB}.Debug|Any CPU.Build.0 = Debug|Any CPU
		{003BD9B5-4428-4A58-A93D-A2737A072FDB}.Release|Any CPU.ActiveCfg = Release|Any CPU
		{003BD9B5-4428-4A58-A93D-A2737A072FDB}.Release|Any CPU.Build.0 = Release|Any CPU
		{9ED77177-FFFC-49AE-9A8D-1507AA28726B}.Debug|Any CPU.ActiveCfg = Debug|Any CPU
		{9ED77177-FFFC-49AE-9A8D-1507AA28726B}.Debug|Any CPU.Build.0 = Debug|Any CPU
		{9ED77177-FFFC-49AE-9A8D-1507AA28726B}.Release|Any CPU.ActiveCfg = Release|Any CPU
		{9ED77177-FFFC-49AE-9A8D-1507AA28726B}.Release|Any CPU.Build.0 = Release|Any CPU
		{924F5BEF-DDCF-4FEF-A157-B00D01F88B43}.Debug|Any CPU.ActiveCfg = Debug|Any CPU
		{924F5BEF-DDCF-4FEF-A157-B00D01F88B43}.Debug|Any CPU.Build.0 = Debug|Any CPU
		{924F5BEF-DDCF-4FEF-A157-B00D01F88B43}.Release|Any CPU.ActiveCfg = Release|Any CPU
		{924F5BEF-DDCF-4FEF-A157-B00D01F88B43}.Release|Any CPU.Build.0 = Release|Any CPU
		{DCC667C7-D2D0-436B-8CF9-CF3F9A0D35FF}.Debug|Any CPU.ActiveCfg = Debug|Any CPU
		{DCC667C7-D2D0-436B-8CF9-CF3F9A0D35FF}.Debug|Any CPU.Build.0 = Debug|Any CPU
		{DCC667C7-D2D0-436B-8CF9-CF3F9A0D35FF}.Release|Any CPU.ActiveCfg = Release|Any CPU
		{DCC667C7-D2D0-436B-8CF9-CF3F9A0D35FF}.Release|Any CPU.Build.0 = Release|Any CPU
		{0A8E39E8-970C-4846-87E2-8CD697F9E92C}.Debug|Any CPU.ActiveCfg = Debug|Any CPU
		{0A8E39E8-970C-4846-87E2-8CD697F9E92C}.Debug|Any CPU.Build.0 = Debug|Any CPU
		{0A8E39E8-970C-4846-87E2-8CD697F9E92C}.Release|Any CPU.ActiveCfg = Release|Any CPU
		{0A8E39E8-970C-4846-87E2-8CD697F9E92C}.Release|Any CPU.Build.0 = Release|Any CPU
		{2112357B-89FF-4743-B0F8-44D86C199CFD}.Debug|Any CPU.ActiveCfg = Debug|Any CPU
		{2112357B-89FF-4743-B0F8-44D86C199CFD}.Debug|Any CPU.Build.0 = Debug|Any CPU
		{2112357B-89FF-4743-B0F8-44D86C199CFD}.Release|Any CPU.ActiveCfg = Release|Any CPU
		{2112357B-89FF-4743-B0F8-44D86C199CFD}.Release|Any CPU.Build.0 = Release|Any CPU
		{BBD5D5A2-A45A-4750-966E-59A5310BB6ED}.Debug|Any CPU.ActiveCfg = Debug|Any CPU
		{BBD5D5A2-A45A-4750-966E-59A5310BB6ED}.Debug|Any CPU.Build.0 = Debug|Any CPU
		{BBD5D5A2-A45A-4750-966E-59A5310BB6ED}.Release|Any CPU.ActiveCfg = Release|Any CPU
		{BBD5D5A2-A45A-4750-966E-59A5310BB6ED}.Release|Any CPU.Build.0 = Release|Any CPU
		{5824E7A0-73DC-4519-8967-8A1D9A1ED34C}.Debug|Any CPU.ActiveCfg = Debug|Any CPU
		{5824E7A0-73DC-4519-8967-8A1D9A1ED34C}.Debug|Any CPU.Build.0 = Debug|Any CPU
		{5824E7A0-73DC-4519-8967-8A1D9A1ED34C}.Release|Any CPU.ActiveCfg = Release|Any CPU
		{5824E7A0-73DC-4519-8967-8A1D9A1ED34C}.Release|Any CPU.Build.0 = Release|Any CPU
		{70C6816D-C1EE-4BFC-803D-82538E633411}.Debug|Any CPU.ActiveCfg = Debug|Any CPU
		{70C6816D-C1EE-4BFC-803D-82538E633411}.Debug|Any CPU.Build.0 = Debug|Any CPU
		{70C6816D-C1EE-4BFC-803D-82538E633411}.Release|Any CPU.ActiveCfg = Release|Any CPU
		{70C6816D-C1EE-4BFC-803D-82538E633411}.Release|Any CPU.Build.0 = Release|Any CPU
		{0BB81B53-8079-48A7-89D6-C2CD215384D7}.Debug|Any CPU.ActiveCfg = Debug|Any CPU
		{0BB81B53-8079-48A7-89D6-C2CD215384D7}.Debug|Any CPU.Build.0 = Debug|Any CPU
		{0BB81B53-8079-48A7-89D6-C2CD215384D7}.Release|Any CPU.ActiveCfg = Release|Any CPU
		{0BB81B53-8079-48A7-89D6-C2CD215384D7}.Release|Any CPU.Build.0 = Release|Any CPU
		{4416CC7F-78C3-4C62-A738-E60C13BE1E65}.Debug|Any CPU.ActiveCfg = Debug|Any CPU
		{4416CC7F-78C3-4C62-A738-E60C13BE1E65}.Debug|Any CPU.Build.0 = Debug|Any CPU
		{4416CC7F-78C3-4C62-A738-E60C13BE1E65}.Release|Any CPU.ActiveCfg = Release|Any CPU
		{4416CC7F-78C3-4C62-A738-E60C13BE1E65}.Release|Any CPU.Build.0 = Release|Any CPU
		{FBA83068-A836-4625-BE9F-97FB99C46458}.Debug|Any CPU.ActiveCfg = Debug|Any CPU
		{FBA83068-A836-4625-BE9F-97FB99C46458}.Debug|Any CPU.Build.0 = Debug|Any CPU
		{FBA83068-A836-4625-BE9F-97FB99C46458}.Release|Any CPU.ActiveCfg = Release|Any CPU
		{FBA83068-A836-4625-BE9F-97FB99C46458}.Release|Any CPU.Build.0 = Release|Any CPU
		{86165A24-3AAD-486B-A6B7-66F314652257}.Debug|Any CPU.ActiveCfg = Debug|Any CPU
		{86165A24-3AAD-486B-A6B7-66F314652257}.Debug|Any CPU.Build.0 = Debug|Any CPU
		{86165A24-3AAD-486B-A6B7-66F314652257}.Release|Any CPU.ActiveCfg = Release|Any CPU
		{86165A24-3AAD-486B-A6B7-66F314652257}.Release|Any CPU.Build.0 = Release|Any CPU
		{E202E5FD-1464-4F63-BB43-F77B2022E6CB}.Debug|Any CPU.ActiveCfg = Debug|Any CPU
		{E202E5FD-1464-4F63-BB43-F77B2022E6CB}.Debug|Any CPU.Build.0 = Debug|Any CPU
		{E202E5FD-1464-4F63-BB43-F77B2022E6CB}.Release|Any CPU.ActiveCfg = Release|Any CPU
		{E202E5FD-1464-4F63-BB43-F77B2022E6CB}.Release|Any CPU.Build.0 = Release|Any CPU
		{DDC68E95-25D2-44D5-B5F6-A9ED4AAF8D33}.Debug|Any CPU.ActiveCfg = Debug|Any CPU
		{DDC68E95-25D2-44D5-B5F6-A9ED4AAF8D33}.Debug|Any CPU.Build.0 = Debug|Any CPU
		{DDC68E95-25D2-44D5-B5F6-A9ED4AAF8D33}.Release|Any CPU.ActiveCfg = Release|Any CPU
		{DDC68E95-25D2-44D5-B5F6-A9ED4AAF8D33}.Release|Any CPU.Build.0 = Release|Any CPU
		{BDF212C4-F07A-4B8A-B32D-66964E3DBB68}.Debug|Any CPU.ActiveCfg = Debug|Any CPU
		{BDF212C4-F07A-4B8A-B32D-66964E3DBB68}.Debug|Any CPU.Build.0 = Debug|Any CPU
		{BDF212C4-F07A-4B8A-B32D-66964E3DBB68}.Release|Any CPU.ActiveCfg = Release|Any CPU
		{BDF212C4-F07A-4B8A-B32D-66964E3DBB68}.Release|Any CPU.Build.0 = Release|Any CPU
		{7D0CDDE3-461C-4FC6-8A2E-C05E5AA47EC7}.Debug|Any CPU.ActiveCfg = Debug|Any CPU
		{7D0CDDE3-461C-4FC6-8A2E-C05E5AA47EC7}.Debug|Any CPU.Build.0 = Debug|Any CPU
		{7D0CDDE3-461C-4FC6-8A2E-C05E5AA47EC7}.Release|Any CPU.ActiveCfg = Release|Any CPU
		{7D0CDDE3-461C-4FC6-8A2E-C05E5AA47EC7}.Release|Any CPU.Build.0 = Release|Any CPU
		{20879917-26D3-4826-8321-6CF50E3114BC}.Debug|Any CPU.ActiveCfg = Debug|Any CPU
		{20879917-26D3-4826-8321-6CF50E3114BC}.Debug|Any CPU.Build.0 = Debug|Any CPU
		{20879917-26D3-4826-8321-6CF50E3114BC}.Release|Any CPU.ActiveCfg = Release|Any CPU
		{20879917-26D3-4826-8321-6CF50E3114BC}.Release|Any CPU.Build.0 = Release|Any CPU
		{D52878B6-F711-4B6C-B26A-59225922C5EE}.Debug|Any CPU.ActiveCfg = Debug|Any CPU
		{D52878B6-F711-4B6C-B26A-59225922C5EE}.Debug|Any CPU.Build.0 = Debug|Any CPU
		{D52878B6-F711-4B6C-B26A-59225922C5EE}.Release|Any CPU.ActiveCfg = Release|Any CPU
		{D52878B6-F711-4B6C-B26A-59225922C5EE}.Release|Any CPU.Build.0 = Release|Any CPU
		{82296C75-1692-4C87-935E-E7D7A3C13763}.Debug|Any CPU.ActiveCfg = Debug|Any CPU
		{82296C75-1692-4C87-935E-E7D7A3C13763}.Debug|Any CPU.Build.0 = Debug|Any CPU
		{82296C75-1692-4C87-935E-E7D7A3C13763}.Release|Any CPU.ActiveCfg = Release|Any CPU
		{82296C75-1692-4C87-935E-E7D7A3C13763}.Release|Any CPU.Build.0 = Release|Any CPU
		{D85DF971-1A76-43EC-9E8D-10618B9707CE}.Debug|Any CPU.ActiveCfg = Debug|Any CPU
		{D85DF971-1A76-43EC-9E8D-10618B9707CE}.Debug|Any CPU.Build.0 = Debug|Any CPU
		{D85DF971-1A76-43EC-9E8D-10618B9707CE}.Release|Any CPU.ActiveCfg = Release|Any CPU
		{D85DF971-1A76-43EC-9E8D-10618B9707CE}.Release|Any CPU.Build.0 = Release|Any CPU
		{9697C90F-2735-47BC-A747-89EC7C533DE0}.Debug|Any CPU.ActiveCfg = Debug|Any CPU
		{9697C90F-2735-47BC-A747-89EC7C533DE0}.Debug|Any CPU.Build.0 = Debug|Any CPU
		{9697C90F-2735-47BC-A747-89EC7C533DE0}.Release|Any CPU.ActiveCfg = Release|Any CPU
		{9697C90F-2735-47BC-A747-89EC7C533DE0}.Release|Any CPU.Build.0 = Release|Any CPU
		{24B9D003-2D99-485A-B83C-73BE0AB8863B}.Debug|Any CPU.ActiveCfg = Debug|Any CPU
		{24B9D003-2D99-485A-B83C-73BE0AB8863B}.Debug|Any CPU.Build.0 = Debug|Any CPU
		{24B9D003-2D99-485A-B83C-73BE0AB8863B}.Release|Any CPU.ActiveCfg = Release|Any CPU
		{24B9D003-2D99-485A-B83C-73BE0AB8863B}.Release|Any CPU.Build.0 = Release|Any CPU
		{8EE37F86-B2C3-4411-9F48-E53C479AEE00}.Debug|Any CPU.ActiveCfg = Debug|Any CPU
		{8EE37F86-B2C3-4411-9F48-E53C479AEE00}.Debug|Any CPU.Build.0 = Debug|Any CPU
		{8EE37F86-B2C3-4411-9F48-E53C479AEE00}.Release|Any CPU.ActiveCfg = Release|Any CPU
		{8EE37F86-B2C3-4411-9F48-E53C479AEE00}.Release|Any CPU.Build.0 = Release|Any CPU
	EndGlobalSection
	GlobalSection(SolutionProperties) = preSolution
		HideSolutionNode = FALSE
	EndGlobalSection
	GlobalSection(NestedProjects) = preSolution
		{003BD9B5-4428-4A58-A93D-A2737A072FDB} = {09ACAE7A-FB77-4B8A-9900-6067A526F52F}
		{DCC667C7-D2D0-436B-8CF9-CF3F9A0D35FF} = {09ACAE7A-FB77-4B8A-9900-6067A526F52F}
		{2112357B-89FF-4743-B0F8-44D86C199CFD} = {09ACAE7A-FB77-4B8A-9900-6067A526F52F}
		{5824E7A0-73DC-4519-8967-8A1D9A1ED34C} = {09ACAE7A-FB77-4B8A-9900-6067A526F52F}
		{0BB81B53-8079-48A7-89D6-C2CD215384D7} = {09ACAE7A-FB77-4B8A-9900-6067A526F52F}
		{FBA83068-A836-4625-BE9F-97FB99C46458} = {09ACAE7A-FB77-4B8A-9900-6067A526F52F}
		{E202E5FD-1464-4F63-BB43-F77B2022E6CB} = {09ACAE7A-FB77-4B8A-9900-6067A526F52F}
		{BDF212C4-F07A-4B8A-B32D-66964E3DBB68} = {09ACAE7A-FB77-4B8A-9900-6067A526F52F}
		{20879917-26D3-4826-8321-6CF50E3114BC} = {09ACAE7A-FB77-4B8A-9900-6067A526F52F}
		{82296C75-1692-4C87-935E-E7D7A3C13763} = {09ACAE7A-FB77-4B8A-9900-6067A526F52F}
		{9697C90F-2735-47BC-A747-89EC7C533DE0} = {09ACAE7A-FB77-4B8A-9900-6067A526F52F}
		{8EE37F86-B2C3-4411-9F48-E53C479AEE00} = {09ACAE7A-FB77-4B8A-9900-6067A526F52F}
	EndGlobalSection
	GlobalSection(ExtensibilityGlobals) = postSolution
		SolutionGuid = {EEDB1DDB-7730-429D-8510-C3CAD1FB5B06}
	EndGlobalSection
EndGlobal
